<?xml version="1.0" encoding="utf-8"?>
<Project ToolsVersion="4.0" xmlns="http://schemas.microsoft.com/developer/msbuild/2003">
  <ItemGroup>
    <Filter Include="Main">
      <UniqueIdentifier>{166032dc-7f7e-4ce9-9294-114897e2ba8a}</UniqueIdentifier>
    </Filter>
    <Filter Include="GFx3">
      <UniqueIdentifier>{46e5f35d-2b41-40d0-a51f-3e3eb82570a3}</UniqueIdentifier>
    </Filter>
    <Filter Include="Lobby2">
      <UniqueIdentifier>{d685ac74-7594-479e-b184-04caa890b836}</UniqueIdentifier>
    </Filter>
    <Filter Include="RoomsPlugin">
      <UniqueIdentifier>{8705aa63-9211-4b96-a0ed-484bc3fae9cf}</UniqueIdentifier>
    </Filter>
  </ItemGroup>
  <ItemGroup>
    <ClCompile Include="..\RoomsBrowserGFx3.cpp">
      <Filter>Main</Filter>
    </ClCompile>
    <ClCompile Include="RoomsBrowserGFx3_RakNet.cpp">
      <Filter>Main</Filter>
    </ClCompile>
    <ClCompile Include="..\..\..\DependentExtensions\XML\xmlParser.cpp">
      <Filter>Main</Filter>
    </ClCompile>
    <ClCompile Include="..\GFxPlayerTinyD3D9.cpp">
      <Filter>GFx3</Filter>
    </ClCompile>
    <ClCompile Include="..\..\..\DependentExtensions\Lobby2\Rooms\IntervalTimer.cpp">
      <Filter>RoomsPlugin</Filter>
    </ClCompile>
    <ClCompile Include="..\..\..\DependentExtensions\Lobby2\Rooms\ProfanityFilter.cpp">
      <Filter>RoomsPlugin</Filter>
    </ClCompile>
    <ClCompile Include="..\..\..\DependentExtensions\Lobby2\Rooms\RoomsContainer.cpp">
      <Filter>RoomsPlugin</Filter>
    </ClCompile>
    <ClCompile Include="..\..\..\DependentExtensions\Lobby2\Rooms\RoomsErrorCodes.cpp">
      <Filter>RoomsPlugin</Filter>
    </ClCompile>
    <ClCompile Include="..\..\..\DependentExtensions\Lobby2\Rooms\RoomsPlugin.cpp">
      <Filter>RoomsPlugin</Filter>
    </ClCompile>
    <ClCompile Include="..\..\..\DependentExtensions\Lobby2\Rooms\RoomTypes.cpp">
      <Filter>RoomsPlugin</Filter>
    </ClCompile>
  </ItemGroup>
  <ItemGroup>
    <ClInclude Include="..\RoomsBrowserGFx3.h">
      <Filter>Main</Filter>
    </ClInclude>
    <ClInclude Include="RoomsBrowserGFx3_RakNet.h">
      <Filter>Main</Filter>
    </ClInclude>
    <ClInclude Include="..\..\..\DependentExtensions\XML\xmlParser.h">
      <Filter>Main</Filter>
    </ClInclude>
    <ClInclude Include="..\..\..\DependentExtensions\Lobby2\Rooms\IntervalTimer.h">
      <Filter>RoomsPlugin</Filter>
    </ClInclude>
    <ClInclude Include="..\..\..\DependentExtensions\Lobby2\Rooms\ProfanityFilter.h">
      <Filter>RoomsPlugin</Filter>
    </ClInclude>
    <ClInclude Include="..\..\..\DependentExtensions\Lobby2\Rooms\RoomsContainer.h">
      <Filter>RoomsPlugin</Filter>
    </ClInclude>
    <ClInclude Include="..\..\..\DependentExtensions\Lobby2\Rooms\RoomsErrorCodes.h">
      <Filter>RoomsPlugin</Filter>
    </ClInclude>
    <ClInclude Include="..\..\..\DependentExtensions\Lobby2\Rooms\RoomsPlugin.h">
      <Filter>RoomsPlugin</Filter>
    </ClInclude>
    <ClInclude Include="..\..\..\DependentExtensions\Lobby2\Rooms\RoomTypes.h">
      <Filter>RoomsPlugin</Filter>
    </ClInclude>
  </ItemGroup>
  <ItemGroup>
    <Text Include="readme.txt" />
  </ItemGroup>
</Project>